
Microsoft Visual Studio Solution File, Format Version 12.00
# Visual Studio Version 17
VisualStudioVersion = 17.0.31912.275
MinimumVisualStudioVersion = 10.0.40219.1
Project("{FAE04EC0-301F-11D3-BF4B-00C04F79EFBC}") = "RestWithASPNETUdemy", "RestWithASPNETUdemy\RestWithASPNETUdemy.csproj", "{05876D47-BB25-4B29-B2A9-B0B5225AA785}"
EndProject
Global
	GlobalSection(SolutionConfigurationPlatforms) = preSolution
		Debug|Any CPU = Debug|Any CPU
		Release|Any CPU = Release|Any CPU
	EndGlobalSection
	GlobalSection(ProjectConfigurationPlatforms) = postSolution
		{05876D47-BB25-4B29-B2A9-B0B5225AA785}.Debug|Any CPU.ActiveCfg = Debug|Any CPU
		{05876D47-BB25-4B29-B2A9-B0B5225AA785}.Debug|Any CPU.Build.0 = Debug|Any CPU
		{05876D47-BB25-4B29-B2A9-B0B5225AA785}.Release|Any CPU.ActiveCfg = Release|Any CPU
		{05876D47-BB25-4B29-B2A9-B0B5225AA785}.Release|Any CPU.Build.0 = Release|Any CPU
	EndGlobalSection
	GlobalSection(SolutionProperties) = preSolution
		HideSolutionNode = FALSE
	EndGlobalSection
	GlobalSection(ExtensibilityGlobals) = postSolution
		SolutionGuid = {730DEA6A-60A8-4B91-B627-8E7B79A07762}
	EndGlobalSection
EndGlobal
